{
  "name": "test",
  "version": "1.0.0",
  "lockfileVersion": 2,
  "requires": true,
  "packages": {
    "": {
      "name": "test",
      "version": "1.0.0",
      "license": "ISC",
      "dependencies": {
        "ml64fx": "file:.."
      }
    },
    "..": {
      "name": "ml64fx",
      "version": "1.0.0",
      "license": "ISC"
    },
    "node_modules/ml64fx": {
      "resolved": "..",
      "link": true
    }
  },
  "dependencies": {
    "ml64fx": {
      "version": "file:.."
    }
  }
}
