{
  "name": "test",
  "version": "1.0.0",
  "lockfileVersion": 2,
  "requires": true,
  "packages": {
    "": {
      "name": "test",
      "version": "1.0.0",
      "license": "ISC",
      "dependencies": {
        "ml64tk": "file:.."
      }
    },
    "..": {
      "version": "1.0.0",
      "license": "GPL-3.0-or-later"
    },
    "node_modules/ml64tk": {
      "resolved": "..",
      "link": true
    }
  },
  "dependencies": {
    "ml64tk": {
      "version": "file:.."
    }
  }
}
